
Microsoft Visual Studio Solution File, Format Version 12.00
# Visual Studio 2013
VisualStudioVersion = 12.0.30723.0
MinimumVisualStudioVersion = 10.0.40219.1
Project("{FAE04EC0-301F-11D3-BF4B-00C04F79EFBC}") = "SmartHomeNancy", "SmartHomeNancy\SmartHomeNancy.csproj", "{C8DFDA9D-ED5C-4012-A8E7-22894F9997D4}"
EndProject
Project("{FAE04EC0-301F-11D3-BF4B-00C04F79EFBC}") = "SmartHomeNancyTests", "SmartHomeNancyTests\SmartHomeNancyTests.csproj", "{86BCB3C8-AF02-4038-BDF5-26701B9F35BA}"
EndProject
Project("{FAE04EC0-301F-11D3-BF4B-00C04F79EFBC}") = "SmartHomeNancyWebHosting", "SmartHomeNancyWebHosting\SmartHomeNancyWebHosting.csproj", "{7B98C7C6-E611-4866-B2AA-8C14BA0B1286}"
EndProject
Project("{FAE04EC0-301F-11D3-BF4B-00C04F79EFBC}") = "SmartHomeNancySelfHost", "SmartHomeNancySelfHost\SmartHomeNancySelfHost.csproj", "{E5C38B1D-5F36-414C-B4BE-FDC32CB38CFF}"
EndProject
Global
	GlobalSection(SolutionConfigurationPlatforms) = preSolution
		Debug|Any CPU = Debug|Any CPU
		Release|Any CPU = Release|Any CPU
	EndGlobalSection
	GlobalSection(ProjectConfigurationPlatforms) = postSolution
		{C8DFDA9D-ED5C-4012-A8E7-22894F9997D4}.Debug|Any CPU.ActiveCfg = Debug|Any CPU
		{C8DFDA9D-ED5C-4012-A8E7-22894F9997D4}.Debug|Any CPU.Build.0 = Debug|Any CPU
		{C8DFDA9D-ED5C-4012-A8E7-22894F9997D4}.Release|Any CPU.ActiveCfg = Release|Any CPU
		{C8DFDA9D-ED5C-4012-A8E7-22894F9997D4}.Release|Any CPU.Build.0 = Release|Any CPU
		{86BCB3C8-AF02-4038-BDF5-26701B9F35BA}.Debug|Any CPU.ActiveCfg = Debug|Any CPU
		{86BCB3C8-AF02-4038-BDF5-26701B9F35BA}.Debug|Any CPU.Build.0 = Debug|Any CPU
		{86BCB3C8-AF02-4038-BDF5-26701B9F35BA}.Release|Any CPU.ActiveCfg = Release|Any CPU
		{86BCB3C8-AF02-4038-BDF5-26701B9F35BA}.Release|Any CPU.Build.0 = Release|Any CPU
		{7B98C7C6-E611-4866-B2AA-8C14BA0B1286}.Debug|Any CPU.ActiveCfg = Debug|Any CPU
		{7B98C7C6-E611-4866-B2AA-8C14BA0B1286}.Debug|Any CPU.Build.0 = Debug|Any CPU
		{7B98C7C6-E611-4866-B2AA-8C14BA0B1286}.Release|Any CPU.ActiveCfg = Release|Any CPU
		{7B98C7C6-E611-4866-B2AA-8C14BA0B1286}.Release|Any CPU.Build.0 = Release|Any CPU
		{E5C38B1D-5F36-414C-B4BE-FDC32CB38CFF}.Debug|Any CPU.ActiveCfg = Debug|Any CPU
		{E5C38B1D-5F36-414C-B4BE-FDC32CB38CFF}.Debug|Any CPU.Build.0 = Debug|Any CPU
		{E5C38B1D-5F36-414C-B4BE-FDC32CB38CFF}.Release|Any CPU.ActiveCfg = Release|Any CPU
		{E5C38B1D-5F36-414C-B4BE-FDC32CB38CFF}.Release|Any CPU.Build.0 = Release|Any CPU
	EndGlobalSection
	GlobalSection(SolutionProperties) = preSolution
		HideSolutionNode = FALSE
	EndGlobalSection
EndGlobal
